
Microsoft Visual Studio Solution File, Format Version 12.00
# Visual Studio 14
VisualStudioVersion = 14.0.23107.0
MinimumVisualStudioVersion = 10.0.40219.1
Project("{FAE04EC0-301F-11D3-BF4B-00C04F79EFBC}") = "calc", "calc\calc.csproj", "{04485CF7-3A65-49F0-96BA-FF5EA06649E4}"
EndProject
Project("{FAE04EC0-301F-11D3-BF4B-00C04F79EFBC}") = "calcTests", "calcTests\calcTests.csproj", "{B78FD61E-CFEB-4DE6-B4DA-2D939D8C4FC8}"
EndProject
Global
	GlobalSection(SolutionConfigurationPlatforms) = preSolution
		Debug|Any CPU = Debug|Any CPU
		Release|Any CPU = Release|Any CPU
	EndGlobalSection
	GlobalSection(ProjectConfigurationPlatforms) = postSolution
		{04485CF7-3A65-49F0-96BA-FF5EA06649E4}.Debug|Any CPU.ActiveCfg = Debug|Any CPU
		{04485CF7-3A65-49F0-96BA-FF5EA06649E4}.Debug|Any CPU.Build.0 = Debug|Any CPU
		{04485CF7-3A65-49F0-96BA-FF5EA06649E4}.Release|Any CPU.ActiveCfg = Release|Any CPU
		{04485CF7-3A65-49F0-96BA-FF5EA06649E4}.Release|Any CPU.Build.0 = Release|Any CPU
		{B78FD61E-CFEB-4DE6-B4DA-2D939D8C4FC8}.Debug|Any CPU.ActiveCfg = Debug|Any CPU
		{B78FD61E-CFEB-4DE6-B4DA-2D939D8C4FC8}.Debug|Any CPU.Build.0 = Debug|Any CPU
		{B78FD61E-CFEB-4DE6-B4DA-2D939D8C4FC8}.Release|Any CPU.ActiveCfg = Release|Any CPU
		{B78FD61E-CFEB-4DE6-B4DA-2D939D8C4FC8}.Release|Any CPU.Build.0 = Release|Any CPU
	EndGlobalSection
	GlobalSection(SolutionProperties) = preSolution
		HideSolutionNode = FALSE
	EndGlobalSection
EndGlobal
